
Microsoft Visual Studio Solution File, Format Version 12.00
# Visual Studio Version 16
VisualStudioVersion = 16.0.29709.97
MinimumVisualStudioVersion = 10.0.40219.1
Project("{FAE04EC0-301F-11D3-BF4B-00C04F79EFBC}") = "Practice if else", "Practice if else\Practice if else.csproj", "{C5A6303A-F620-4530-A1E5-0FC884C7C07C}"
EndProject
Global
	GlobalSection(SolutionConfigurationPlatforms) = preSolution
		Debug|Any CPU = Debug|Any CPU
		Release|Any CPU = Release|Any CPU
	EndGlobalSection
	GlobalSection(ProjectConfigurationPlatforms) = postSolution
		{C5A6303A-F620-4530-A1E5-0FC884C7C07C}.Debug|Any CPU.ActiveCfg = Debug|Any CPU
		{C5A6303A-F620-4530-A1E5-0FC884C7C07C}.Debug|Any CPU.Build.0 = Debug|Any CPU
		{C5A6303A-F620-4530-A1E5-0FC884C7C07C}.Release|Any CPU.ActiveCfg = Release|Any CPU
		{C5A6303A-F620-4530-A1E5-0FC884C7C07C}.Release|Any CPU.Build.0 = Release|Any CPU
	EndGlobalSection
	GlobalSection(SolutionProperties) = preSolution
		HideSolutionNode = FALSE
	EndGlobalSection
	GlobalSection(ExtensibilityGlobals) = postSolution
		SolutionGuid = {127F27EC-D88F-4916-B09B-4EB9292C1BE1}
	EndGlobalSection
EndGlobal
