
Microsoft Visual Studio Solution File, Format Version 12.00
# Visual Studio Version 16
VisualStudioVersion = 16.0.29215.179
MinimumVisualStudioVersion = 10.0.40219.1
Project("{FAE04EC0-301F-11D3-BF4B-00C04F79EFBC}") = "IntroductionToTasks", "IntroductionToTasks\IntroductionToTasks.csproj", "{8BE1628A-C10C-40DA-8FE7-F9457F78DB19}"
EndProject
Project("{FAE04EC0-301F-11D3-BF4B-00C04F79EFBC}") = "TaskWithLambdaExpression", "TaskWithLambdaExpression\TaskWithLambdaExpression.csproj", "{FFC25244-88B7-49C0-892A-FC5D313F330A}"
EndProject
Global
	GlobalSection(SolutionConfigurationPlatforms) = preSolution
		Debug|Any CPU = Debug|Any CPU
		Release|Any CPU = Release|Any CPU
	EndGlobalSection
	GlobalSection(ProjectConfigurationPlatforms) = postSolution
		{8BE1628A-C10C-40DA-8FE7-F9457F78DB19}.Debug|Any CPU.ActiveCfg = Debug|Any CPU
		{8BE1628A-C10C-40DA-8FE7-F9457F78DB19}.Debug|Any CPU.Build.0 = Debug|Any CPU
		{8BE1628A-C10C-40DA-8FE7-F9457F78DB19}.Release|Any CPU.ActiveCfg = Release|Any CPU
		{8BE1628A-C10C-40DA-8FE7-F9457F78DB19}.Release|Any CPU.Build.0 = Release|Any CPU
		{FFC25244-88B7-49C0-892A-FC5D313F330A}.Debug|Any CPU.ActiveCfg = Debug|Any CPU
		{FFC25244-88B7-49C0-892A-FC5D313F330A}.Debug|Any CPU.Build.0 = Debug|Any CPU
		{FFC25244-88B7-49C0-892A-FC5D313F330A}.Release|Any CPU.ActiveCfg = Release|Any CPU
		{FFC25244-88B7-49C0-892A-FC5D313F330A}.Release|Any CPU.Build.0 = Release|Any CPU
	EndGlobalSection
	GlobalSection(SolutionProperties) = preSolution
		HideSolutionNode = FALSE
	EndGlobalSection
	GlobalSection(ExtensibilityGlobals) = postSolution
		SolutionGuid = {F4ECDAA7-5CE4-497B-A272-9C5582DC75A7}
	EndGlobalSection
EndGlobal
